<?xml version="1.0" encoding="utf-8"?>
<Project ToolsVersion="4.0" xmlns="http://schemas.microsoft.com/developer/msbuild/2003">
  <ItemGroup>
    <Filter Include="Source Files">
      <UniqueIdentifier>{4FC737F1-C7A5-4376-A066-2A32D752A2FF}</UniqueIdentifier>
      <Extensions>cpp;c;cc;cxx;def;odl;idl;hpj;bat;asm;asmx</Extensions>
    </Filter>
    <Filter Include="Header Files">
      <UniqueIdentifier>{93995380-89BD-4b04-88EB-625FBE52EBFB}</UniqueIdentifier>
      <Extensions>h;hh;hpp;hxx;hm;inl;inc;ipp;xsd</Extensions>
    </Filter>
    <Filter Include="Resource Files">
      <UniqueIdentifier>{67DA6AB6-F800-4c08-8B7A-83BB121AAD01}</UniqueIdentifier>
      <Extensions>rc;ico;cur;bmp;dlg;rc2;rct;bin;rgs;gif;jpg;jpeg;jpe;resx;tiff;tif;png;wav;mfcribbon-ms</Extensions>
    </Filter>
    <Filter Include="Helpers">
      <UniqueIdentifier>{33c99d8b-8330-4fb8-887f-f2fa95622248}</UniqueIdentifier>
    </Filter>
    <Filter Include="Configs">
      <UniqueIdentifier>{e2ed7bc9-8b36-432e-bc13-f53f428ddb9b}</UniqueIdentifier>
    </Filter>
    <Filter Include="GameComponents">
      <UniqueIdentifier>{01868446-8055-479f-964e-e5bbeafa2fba}</UniqueIdentifier>
    </Filter>
    <Filter Include="GameObjects">
      <UniqueIdentifier>{6919ac0d-c94e-4836-a92b-391c9d34117b}</UniqueIdentifier>
    </Filter>
    <Filter Include="GameObjects\Aladdin">
      <UniqueIdentifier>{70701ec4-5526-4d7b-a4ee-f90f28277ebb}</UniqueIdentifier>
    </Filter>
    <Filter Include="GameObjects\Enemies">
      <UniqueIdentifier>{f282e589-45e8-46b6-8653-fbaa1750a831}</UniqueIdentifier>
    </Filter>
    <Filter Include="GameObjects\Enemies\Guard1">
      <UniqueIdentifier>{a8598311-ebd2-4252-9983-5312b4221c72}</UniqueIdentifier>
    </Filter>
    <Filter Include="GameObjects\Effects">
      <UniqueIdentifier>{2dbf3e06-9089-4ec8-b68f-97e3b7b1ab1a}</UniqueIdentifier>
    </Filter>
    <Filter Include="GameObjects\DynamicObjects">
      <UniqueIdentifier>{e3b3d929-4d7c-4ba8-9157-6185a48ebf96}</UniqueIdentifier>
    </Filter>
    <Filter Include="GameObjects\Items">
      <UniqueIdentifier>{93629569-8208-4db2-81f4-96a779cb0716}</UniqueIdentifier>
    </Filter>
    <Filter Include="GameObjects\GameMenu">
      <UniqueIdentifier>{ef7012e9-1b0b-450a-b6a0-f793f0b5f78a}</UniqueIdentifier>
    </Filter>
  </ItemGroup>
  <ItemGroup>
    <ClCompile Include="Graphics.cpp">
      <Filter>GameComponents</Filter>
    </ClCompile>
    <ClCompile Include="Grid.cpp">
      <Filter>GameComponents</Filter>
    </ClCompile>
    <ClCompile Include="KeyBoard.cpp">
      <Filter>GameComponents</Filter>
    </ClCompile>
    <ClCompile Include="Sound.cpp">
      <Filter>GameComponents</Filter>
    </ClCompile>
    <ClCompile Include="Animation.cpp">
      <Filter>GameComponents</Filter>
    </ClCompile>
    <ClCompile Include="Collision.cpp">
      <Filter>GameComponents</Filter>
    </ClCompile>
    <ClCompile Include="Game.cpp">
      <Filter>GameComponents</Filter>
    </ClCompile>
    <ClCompile Include="GameObject.cpp">
      <Filter>GameObjects</Filter>
    </ClCompile>
    <ClCompile Include="Sprite.cpp">
      <Filter>GameComponents</Filter>
    </ClCompile>
    <ClCompile Include="SpawnProjectTile.cpp">
      <Filter>GameComponents</Filter>
    </ClCompile>
    <ClCompile Include="Viewport.cpp">
      <Filter>GameComponents</Filter>
    </ClCompile>
    <ClCompile Include="TileMap.cpp">
      <Filter>GameComponents</Filter>
    </ClCompile>
    <ClCompile Include="State.cpp">
      <Filter>GameObjects</Filter>
    </ClCompile>
    <ClCompile Include="main.cpp">
      <Filter>Source Files</Filter>
    </ClCompile>
    <ClCompile Include="dxutil.cpp">
      <Filter>Helpers</Filter>
    </ClCompile>
    <ClCompile Include="Loadtxt.cpp">
      <Filter>Helpers</Filter>
    </ClCompile>
    <ClCompile Include="Debug.cpp">
      <Filter>Helpers</Filter>
    </ClCompile>
    <ClCompile Include="Aladdin.cpp">
      <Filter>GameObjects\Aladdin</Filter>
    </ClCompile>
    <ClCompile Include="AladdinState.cpp">
      <Filter>GameObjects\Aladdin</Filter>
    </ClCompile>
    <ClCompile Include="Apple.cpp">
      <Filter>GameObjects\Aladdin</Filter>
    </ClCompile>
    <ClCompile Include="Guard1.cpp">
      <Filter>GameObjects\Enemies\Guard1</Filter>
    </ClCompile>
    <ClCompile Include="Guard1State.cpp">
      <Filter>GameObjects\Enemies\Guard1</Filter>
    </ClCompile>
    <ClCompile Include="AppleEffect.cpp">
      <Filter>GameObjects\Effects</Filter>
    </ClCompile>
    <ClCompile Include="EnemiesDeadEffect.cpp">
      <Filter>GameObjects\Effects</Filter>
    </ClCompile>
    <ClCompile Include="AppleItem.cpp">
      <Filter>GameObjects\Items</Filter>
    </ClCompile>
    <ClCompile Include="ItemEffect.cpp">
      <Filter>GameObjects\Effects</Filter>
    </ClCompile>
    <ClCompile Include="DiamondItem.cpp">
      <Filter>GameObjects\Items</Filter>
    </ClCompile>
    <ClCompile Include="ThornObject.cpp">
      <Filter>GameObjects\DynamicObjects</Filter>
    </ClCompile>
    <ClCompile Include="BallObject.cpp">
      <Filter>GameObjects\DynamicObjects</Filter>
    </ClCompile>
    <ClCompile Include="BrickObject.cpp">
      <Filter>GameObjects\DynamicObjects</Filter>
    </ClCompile>
    <ClCompile Include="HP.cpp">
      <Filter>GameObjects\GameMenu</Filter>
    </ClCompile>
  </ItemGroup>
  <ItemGroup>
    <ClInclude Include="Constants.h">
      <Filter>Configs</Filter>
    </ClInclude>
    <ClInclude Include="Graphics.h">
      <Filter>GameComponents</Filter>
    </ClInclude>
    <ClInclude Include="Grid.h">
      <Filter>GameComponents</Filter>
    </ClInclude>
    <ClInclude Include="Keyboard.h">
      <Filter>GameComponents</Filter>
    </ClInclude>
    <ClInclude Include="Sound.h">
      <Filter>GameComponents</Filter>
    </ClInclude>
    <ClInclude Include="Animation.h">
      <Filter>GameComponents</Filter>
    </ClInclude>
    <ClInclude Include="CollideEvent.h">
      <Filter>GameComponents</Filter>
    </ClInclude>
    <ClInclude Include="Collision.h">
      <Filter>GameComponents</Filter>
    </ClInclude>
    <ClInclude Include="Game.h">
      <Filter>GameComponents</Filter>
    </ClInclude>
    <ClInclude Include="GameObject.h">
      <Filter>GameObjects</Filter>
    </ClInclude>
    <ClInclude Include="SpawnProjectTile.h">
      <Filter>GameComponents</Filter>
    </ClInclude>
    <ClInclude Include="Sprite.h">
      <Filter>GameComponents</Filter>
    </ClInclude>
    <ClInclude Include="TileMap.h">
      <Filter>GameComponents</Filter>
    </ClInclude>
    <ClInclude Include="Viewport.h">
      <Filter>GameComponents</Filter>
    </ClInclude>
    <ClInclude Include="State.h">
      <Filter>GameObjects</Filter>
    </ClInclude>
    <ClInclude Include="Loadtxt.h">
      <Filter>Helpers</Filter>
    </ClInclude>
    <ClInclude Include="dsutil.h">
      <Filter>Helpers</Filter>
    </ClInclude>
    <ClInclude Include="dxutil.h">
      <Filter>Helpers</Filter>
    </ClInclude>
    <ClInclude Include="Debug.h">
      <Filter>Helpers</Filter>
    </ClInclude>
    <ClInclude Include="Aladdin.h">
      <Filter>GameObjects\Aladdin</Filter>
    </ClInclude>
    <ClInclude Include="AladdinState.h">
      <Filter>GameObjects\Aladdin</Filter>
    </ClInclude>
    <ClInclude Include="Apple.h">
      <Filter>GameObjects\Aladdin</Filter>
    </ClInclude>
    <ClInclude Include="Guard1.h">
      <Filter>GameObjects\Enemies\Guard1</Filter>
    </ClInclude>
    <ClInclude Include="Guard1State.h">
      <Filter>GameObjects\Enemies\Guard1</Filter>
    </ClInclude>
    <ClInclude Include="AppleEffect.h">
      <Filter>GameObjects\Effects</Filter>
    </ClInclude>
    <ClInclude Include="EnemiesDeadEffect.h">
      <Filter>GameObjects\Effects</Filter>
    </ClInclude>
    <ClInclude Include="AppleItem.h">
      <Filter>GameObjects\Items</Filter>
    </ClInclude>
    <ClInclude Include="ItemEffect.h">
      <Filter>GameObjects\Effects</Filter>
    </ClInclude>
    <ClInclude Include="DiamondItem.h">
      <Filter>GameObjects\Items</Filter>
    </ClInclude>
    <ClInclude Include="ThornObject.h">
      <Filter>GameObjects\DynamicObjects</Filter>
    </ClInclude>
    <ClInclude Include="BallObject.h">
      <Filter>GameObjects\DynamicObjects</Filter>
    </ClInclude>
    <ClInclude Include="BrickObject.h">
      <Filter>GameObjects\DynamicObjects</Filter>
    </ClInclude>
    <ClInclude Include="HP.h">
      <Filter>GameObjects\GameMenu</Filter>
    </ClInclude>
  </ItemGroup>
  <ItemGroup>
    <None Include="ClassDiagram.cd" />
  </ItemGroup>
</Project>